
Microsoft Visual Studio Solution File, Format Version 12.00
Project("{FAE04EC0-301F-11D3-BF4B-00C04F79EFBC}") = "GameLog.Web", "src\GameLog.Web\GameLog.Web.csproj", "{6EC94985-42D8-4FFF-B2FE-8CC010A1956C}"
EndProject
Project("{FAE04EC0-301F-11D3-BF4B-00C04F79EFBC}") = "GameLog.Domain", "src\GameLog.Domain\GameLog.Domain.csproj", "{C88EC34B-1B2B-4BB5-85C5-03DE2AE176AD}"
EndProject
Global
	GlobalSection(SolutionConfigurationPlatforms) = preSolution
		Debug|Any CPU = Debug|Any CPU
		Release|Any CPU = Release|Any CPU
	EndGlobalSection
	GlobalSection(ProjectConfigurationPlatforms) = postSolution
		{6EC94985-42D8-4FFF-B2FE-8CC010A1956C}.Debug|Any CPU.ActiveCfg = Debug|Any CPU
		{6EC94985-42D8-4FFF-B2FE-8CC010A1956C}.Debug|Any CPU.Build.0 = Debug|Any CPU
		{6EC94985-42D8-4FFF-B2FE-8CC010A1956C}.Release|Any CPU.ActiveCfg = Release|Any CPU
		{6EC94985-42D8-4FFF-B2FE-8CC010A1956C}.Release|Any CPU.Build.0 = Release|Any CPU
		{C88EC34B-1B2B-4BB5-85C5-03DE2AE176AD}.Debug|Any CPU.ActiveCfg = Debug|Any CPU
		{C88EC34B-1B2B-4BB5-85C5-03DE2AE176AD}.Debug|Any CPU.Build.0 = Debug|Any CPU
		{C88EC34B-1B2B-4BB5-85C5-03DE2AE176AD}.Release|Any CPU.ActiveCfg = Release|Any CPU
		{C88EC34B-1B2B-4BB5-85C5-03DE2AE176AD}.Release|Any CPU.Build.0 = Release|Any CPU
	EndGlobalSection
EndGlobal
